<?xml version="1.0" encoding="utf-8"?>
<Project ToolsVersion="4.0" xmlns="http://schemas.microsoft.com/developer/msbuild/2003">
  <ItemGroup>
    <Filter Include="源文件">
      <UniqueIdentifier>{4FC737F1-C7A5-4376-A066-2A32D752A2FF}</UniqueIdentifier>
      <Extensions>cpp;c;cc;cxx;def;odl;idl;hpj;bat;asm;asmx</Extensions>
    </Filter>
    <Filter Include="头文件">
      <UniqueIdentifier>{93995380-89BD-4b04-88EB-625FBE52EBFB}</UniqueIdentifier>
      <Extensions>h;hpp;hxx;hm;inl;inc;xsd</Extensions>
    </Filter>
    <Filter Include="资源文件">
      <UniqueIdentifier>{67DA6AB6-F800-4c08-8B7A-83BB121AAD01}</UniqueIdentifier>
      <Extensions>rc;ico;cur;bmp;dlg;rc2;rct;bin;rgs;gif;jpg;jpeg;jpe;resx;tiff;tif;png;wav;mfcribbon-ms</Extensions>
    </Filter>
    <Filter Include="头文件\Graph">
      <UniqueIdentifier>{f1b89121-cdf4-4b4b-bc11-1128d1965b84}</UniqueIdentifier>
    </Filter>
  </ItemGroup>
  <ItemGroup>
    <Text Include="ReadMe.txt" />
  </ItemGroup>
  <ItemGroup>
    <ClInclude Include="stdafx.h">
      <Filter>头文件</Filter>
    </ClInclude>
    <ClInclude Include="targetver.h">
      <Filter>头文件</Filter>
    </ClInclude>
    <ClInclude Include="Graph\SparseGraph.h">
      <Filter>头文件\Graph</Filter>
    </ClInclude>
    <ClInclude Include="Graph\AStarHeuristicPolicies.h">
      <Filter>头文件\Graph</Filter>
    </ClInclude>
    <ClInclude Include="Graph\GraphAlgorithms.h">
      <Filter>头文件\Graph</Filter>
    </ClInclude>
    <ClInclude Include="Graph\GraphEdgeTypes.h">
      <Filter>头文件\Graph</Filter>
    </ClInclude>
    <ClInclude Include="Graph\GraphNodeTypes.h">
      <Filter>头文件\Graph</Filter>
    </ClInclude>
    <ClInclude Include="Graph\HandyGraphFunctions.h">
      <Filter>头文件\Graph</Filter>
    </ClInclude>
    <ClInclude Include="Graph\NodeTypeEnumerations.h">
      <Filter>头文件\Graph</Filter>
    </ClInclude>
    <ClInclude Include="FiniteAutomata.h">
      <Filter>头文件</Filter>
    </ClInclude>
    <ClInclude Include="FA_GraphNode.h">
      <Filter>头文件</Filter>
    </ClInclude>
    <ClInclude Include="FA_GraphEdge.h">
      <Filter>头文件</Filter>
    </ClInclude>
    <ClInclude Include="VTManager.h">
      <Filter>头文件</Filter>
    </ClInclude>
    <ClInclude Include="CodeGenerator.h">
      <Filter>头文件</Filter>
    </ClInclude>
    <ClInclude Include="PostfixConvertor.h">
      <Filter>头文件</Filter>
    </ClInclude>
    <ClInclude Include="VNManager.h">
      <Filter>头文件</Filter>
    </ClInclude>
    <ClInclude Include="Token.h">
      <Filter>头文件</Filter>
    </ClInclude>
    <ClInclude Include="RDReader.h">
      <Filter>头文件</Filter>
    </ClInclude>
    <ClInclude Include="UFSets.h">
      <Filter>头文件</Filter>
    </ClInclude>
  </ItemGroup>
  <ItemGroup>
    <ClCompile Include="stdafx.cpp">
      <Filter>源文件</Filter>
    </ClCompile>
    <ClCompile Include="FiniteAutomata.cpp">
      <Filter>源文件</Filter>
    </ClCompile>
    <ClCompile Include="FA_GraphNode.cpp">
      <Filter>源文件</Filter>
    </ClCompile>
    <ClCompile Include="FA_GraphEdge.cpp">
      <Filter>源文件</Filter>
    </ClCompile>
    <ClCompile Include="VTManager.cpp">
      <Filter>源文件</Filter>
    </ClCompile>
    <ClCompile Include="CodeGenerator.cpp">
      <Filter>源文件</Filter>
    </ClCompile>
    <ClCompile Include="PostfixConvertor.cpp">
      <Filter>源文件</Filter>
    </ClCompile>
    <ClCompile Include="Token.cpp">
      <Filter>源文件</Filter>
    </ClCompile>
    <ClCompile Include="VNManager.cpp">
      <Filter>源文件</Filter>
    </ClCompile>
    <ClCompile Include="RDReader.cpp">
      <Filter>源文件</Filter>
    </ClCompile>
    <ClCompile Include="UFSets.cpp">
      <Filter>源文件</Filter>
    </ClCompile>
    <ClCompile Include="SeuLex.cpp">
      <Filter>源文件</Filter>
    </ClCompile>
  </ItemGroup>
</Project>